
Microsoft Visual Studio Solution File, Format Version 12.00
# Visual Studio Version 16
VisualStudioVersion = 16.0.30804.86
MinimumVisualStudioVersion = 10.0.40219.1
Project("{FAE04EC0-301F-11D3-BF4B-00C04F79EFBC}") = "AdventOfCode", "AdventOfCode\AdventOfCode.csproj", "{F95FA0A1-EC6E-4E84-AAE5-FE1E4F3F535B}"
EndProject
Global
	GlobalSection(SolutionConfigurationPlatforms) = preSolution
		Debug|Any CPU = Debug|Any CPU
		Release|Any CPU = Release|Any CPU
	EndGlobalSection
	GlobalSection(ProjectConfigurationPlatforms) = postSolution
		{F95FA0A1-EC6E-4E84-AAE5-FE1E4F3F535B}.Debug|Any CPU.ActiveCfg = Debug|Any CPU
		{F95FA0A1-EC6E-4E84-AAE5-FE1E4F3F535B}.Debug|Any CPU.Build.0 = Debug|Any CPU
		{F95FA0A1-EC6E-4E84-AAE5-FE1E4F3F535B}.Release|Any CPU.ActiveCfg = Release|Any CPU
		{F95FA0A1-EC6E-4E84-AAE5-FE1E4F3F535B}.Release|Any CPU.Build.0 = Release|Any CPU
	EndGlobalSection
	GlobalSection(SolutionProperties) = preSolution
		HideSolutionNode = FALSE
	EndGlobalSection
	GlobalSection(ExtensibilityGlobals) = postSolution
		SolutionGuid = {77EC947F-FC2A-4EA3-8AED-FF1CA7BB6406}
	EndGlobalSection
EndGlobal
